
Microsoft Visual Studio Solution File, Format Version 12.00
# Visual Studio Version 16
VisualStudioVersion = 16.0.29411.108
MinimumVisualStudioVersion = 10.0.40219.1
Project("{9A19103F-16F7-4668-BE54-9A1E7A4F7556}") = "Cubing", "Cubing\Cubing.csproj", "{3F4A9524-F9DD-41AD-A541-9CE2B81C9659}"
EndProject
Project("{FAE04EC0-301F-11D3-BF4B-00C04F79EFBC}") = "CubingVisual", "CubingVisual\CubingVisual.csproj", "{5DD84F16-2025-463E-B938-567969C62B14}"
EndProject
Project("{9A19103F-16F7-4668-BE54-9A1E7A4F7556}") = "CubingTests", "CubingTests\CubingTests.csproj", "{EB87BF2E-B583-4C0E-A136-D71A1ECDD37E}"
EndProject
Project("{2150E333-8FDC-42A3-9474-1A3956D46DE8}") = "Scripts", "Scripts", "{D3F64808-04D4-4F30-B90E-09FBA4AE05A2}"
	ProjectSection(SolutionItems) = preProject
		CalculateWeights.csx = CalculateWeights.csx
		CompareSolvers.csx = CompareSolvers.csx
		TestDeltaMin.csx = TestDeltaMin.csx
	EndProjectSection
EndProject
Global
	GlobalSection(SolutionConfigurationPlatforms) = preSolution
		Debug|Any CPU = Debug|Any CPU
		Release|Any CPU = Release|Any CPU
	EndGlobalSection
	GlobalSection(ProjectConfigurationPlatforms) = postSolution
		{3F4A9524-F9DD-41AD-A541-9CE2B81C9659}.Debug|Any CPU.ActiveCfg = Debug|Any CPU
		{3F4A9524-F9DD-41AD-A541-9CE2B81C9659}.Debug|Any CPU.Build.0 = Debug|Any CPU
		{3F4A9524-F9DD-41AD-A541-9CE2B81C9659}.Release|Any CPU.ActiveCfg = Release|Any CPU
		{3F4A9524-F9DD-41AD-A541-9CE2B81C9659}.Release|Any CPU.Build.0 = Release|Any CPU
		{5DD84F16-2025-463E-B938-567969C62B14}.Debug|Any CPU.ActiveCfg = Debug|Any CPU
		{5DD84F16-2025-463E-B938-567969C62B14}.Debug|Any CPU.Build.0 = Debug|Any CPU
		{5DD84F16-2025-463E-B938-567969C62B14}.Release|Any CPU.ActiveCfg = Release|Any CPU
		{5DD84F16-2025-463E-B938-567969C62B14}.Release|Any CPU.Build.0 = Release|Any CPU
		{EB87BF2E-B583-4C0E-A136-D71A1ECDD37E}.Debug|Any CPU.ActiveCfg = Debug|Any CPU
		{EB87BF2E-B583-4C0E-A136-D71A1ECDD37E}.Debug|Any CPU.Build.0 = Debug|Any CPU
		{EB87BF2E-B583-4C0E-A136-D71A1ECDD37E}.Release|Any CPU.ActiveCfg = Release|Any CPU
		{EB87BF2E-B583-4C0E-A136-D71A1ECDD37E}.Release|Any CPU.Build.0 = Release|Any CPU
	EndGlobalSection
	GlobalSection(SolutionProperties) = preSolution
		HideSolutionNode = FALSE
	EndGlobalSection
	GlobalSection(ExtensibilityGlobals) = postSolution
		SolutionGuid = {C008DEDF-3D99-4051-BDCF-3F328B83F2B4}
	EndGlobalSection
EndGlobal
